
Microsoft Visual Studio Solution File, Format Version 12.00
# Visual Studio Version 16
VisualStudioVersion = 16.0.30523.141
MinimumVisualStudioVersion = 10.0.40219.1
Project("{8BC9CEB8-8B4A-11D0-8D11-00A0C91BC942}") = "06.01.2021 programming 2", "06.01.2021 programming 2\06.01.2021 programming 2.vcxproj", "{18D812D6-C1D1-43C1-8D2F-78322CEC1849}"
EndProject
Global
	GlobalSection(SolutionConfigurationPlatforms) = preSolution
		Debug|x64 = Debug|x64
		Debug|x86 = Debug|x86
		Release|x64 = Release|x64
		Release|x86 = Release|x86
	EndGlobalSection
	GlobalSection(ProjectConfigurationPlatforms) = postSolution
		{18D812D6-C1D1-43C1-8D2F-78322CEC1849}.Debug|x64.ActiveCfg = Debug|x64
		{18D812D6-C1D1-43C1-8D2F-78322CEC1849}.Debug|x64.Build.0 = Debug|x64
		{18D812D6-C1D1-43C1-8D2F-78322CEC1849}.Debug|x86.ActiveCfg = Debug|Win32
		{18D812D6-C1D1-43C1-8D2F-78322CEC1849}.Debug|x86.Build.0 = Debug|Win32
		{18D812D6-C1D1-43C1-8D2F-78322CEC1849}.Release|x64.ActiveCfg = Release|x64
		{18D812D6-C1D1-43C1-8D2F-78322CEC1849}.Release|x64.Build.0 = Release|x64
		{18D812D6-C1D1-43C1-8D2F-78322CEC1849}.Release|x86.ActiveCfg = Release|Win32
		{18D812D6-C1D1-43C1-8D2F-78322CEC1849}.Release|x86.Build.0 = Release|Win32
	EndGlobalSection
	GlobalSection(SolutionProperties) = preSolution
		HideSolutionNode = FALSE
	EndGlobalSection
	GlobalSection(ExtensibilityGlobals) = postSolution
		SolutionGuid = {D2BF9048-6243-4183-ABAA-00FB23CD42FA}
	EndGlobalSection
EndGlobal
