
Microsoft Visual Studio Solution File, Format Version 12.00
# Visual Studio Version 16
VisualStudioVersion = 16.0.30523.141
MinimumVisualStudioVersion = 10.0.40219.1
Project("{8BC9CEB8-8B4A-11D0-8D11-00A0C91BC942}") = "05.18.2021 programming 2", "05.18.2021 programming 2\05.18.2021 programming 2.vcxproj", "{72585306-D1C8-47ED-9653-B9F7F26A2DD7}"
EndProject
Global
	GlobalSection(SolutionConfigurationPlatforms) = preSolution
		Debug|x64 = Debug|x64
		Debug|x86 = Debug|x86
		Release|x64 = Release|x64
		Release|x86 = Release|x86
	EndGlobalSection
	GlobalSection(ProjectConfigurationPlatforms) = postSolution
		{72585306-D1C8-47ED-9653-B9F7F26A2DD7}.Debug|x64.ActiveCfg = Debug|x64
		{72585306-D1C8-47ED-9653-B9F7F26A2DD7}.Debug|x64.Build.0 = Debug|x64
		{72585306-D1C8-47ED-9653-B9F7F26A2DD7}.Debug|x86.ActiveCfg = Debug|Win32
		{72585306-D1C8-47ED-9653-B9F7F26A2DD7}.Debug|x86.Build.0 = Debug|Win32
		{72585306-D1C8-47ED-9653-B9F7F26A2DD7}.Release|x64.ActiveCfg = Release|x64
		{72585306-D1C8-47ED-9653-B9F7F26A2DD7}.Release|x64.Build.0 = Release|x64
		{72585306-D1C8-47ED-9653-B9F7F26A2DD7}.Release|x86.ActiveCfg = Release|Win32
		{72585306-D1C8-47ED-9653-B9F7F26A2DD7}.Release|x86.Build.0 = Release|Win32
	EndGlobalSection
	GlobalSection(SolutionProperties) = preSolution
		HideSolutionNode = FALSE
	EndGlobalSection
	GlobalSection(ExtensibilityGlobals) = postSolution
		SolutionGuid = {8B8005A0-03DB-4B37-AE26-40A980743D17}
	EndGlobalSection
EndGlobal
